# THIS IS AN AUTOGENERATED FILE. DO NOT EDIT THIS FILE DIRECTLY.
# yarn lockfile v1


"@babel/parser@^7.24.7":
  version "7.24.8"
  resolved "https://registry.npmmirror.com/@babel/parser/-/parser-7.24.8.tgz"
  integrity sha512-WzfbgXOkGzZiXXCqk43kKwZjzwx4oulxZi3nq2TYL9mOjQv6kYwul9mz6ID36njuL7Xkp6nJEfok848Zj10j/w==

"@ctrl/tinycolor@^3.4.1":
  version "3.6.1"
  resolved "https://registry.npmmirror.com/@ctrl/tinycolor/-/tinycolor-3.6.1.tgz"
  integrity sha512-SITSV6aIXsuVNV3f3O0f2n/cgyEDWoSqtZMYiAmcsYHydcKrOz3gUxB/iXd/Qf08+IZX4KpgNbvUdMBmWz+kcA==

"@element-plus/icons-vue@^2.3.1":
  version "2.3.1"
  resolved "https://registry.npmmirror.com/@element-plus/icons-vue/-/icons-vue-2.3.1.tgz"
  integrity sha512-XxVUZv48RZAd87ucGS48jPf6pKu0yV5UCg9f4FFwtrYxXOwWuVJo6wOvSLKEoMQKjv8GsX/mhP6UsC1lRwbUWg==

"@esbuild/win32-x64@0.21.5":
  version "0.21.5"
  resolved "https://registry.npmmirror.com/@esbuild/win32-x64/-/win32-x64-0.21.5.tgz"
  integrity sha512-tQd/1efJuzPC6rCFwEvLtci/xNFcTZknmXs98FYDfGE4wP9ClFV98nyKrzJKVPMhdDnjzLhdUyMX4PsQAPjwIw==

"@floating-ui/core@^1.6.0":
  version "1.6.5"
  resolved "https://registry.npmmirror.com/@floating-ui/core/-/core-1.6.5.tgz"
  integrity sha512-8GrTWmoFhm5BsMZOTHeGD2/0FLKLQQHvO/ZmQga4tKempYRLz8aqJGqXVuQgisnMObq2YZ2SgkwctN1LOOxcqA==
  dependencies:
    "@floating-ui/utils" "^0.2.5"

"@floating-ui/dom@^1.0.1":
  version "1.6.8"
  resolved "https://registry.npmmirror.com/@floating-ui/dom/-/dom-1.6.8.tgz"
  integrity sha512-kx62rP19VZ767Q653wsP1XZCGIirkE09E0QUGNYTM/ttbbQHqcGPdSfWFxUyyNLc/W6aoJRBajOSXhP6GXjC0Q==
  dependencies:
    "@floating-ui/core" "^1.6.0"
    "@floating-ui/utils" "^0.2.5"

"@floating-ui/utils@^0.2.5":
  version "0.2.5"
  resolved "https://registry.npmmirror.com/@floating-ui/utils/-/utils-0.2.5.tgz"
  integrity sha512-sTcG+QZ6fdEUObICavU+aB3Mp8HY4n14wYHdxK4fXjPmv3PXZZeY5RaguJmGyeH/CJQhX3fqKUtS4qc1LoHwhQ==

"@jridgewell/sourcemap-codec@^1.4.15":
  version "1.5.0"
  resolved "https://registry.npmmirror.com/@jridgewell/sourcemap-codec/-/sourcemap-codec-1.5.0.tgz"
  integrity sha512-gv3ZRaISU3fjPAgNsriBRqGWQL6quFx04YMPW/zD8XMLsU32mhCCbfbO6KZFLjvYpCZ8zyDEgqsgf+PwPaM7GQ==

"@popperjs/core@npm:@sxzz/popperjs-es@^2.11.7":
  version "2.11.7"
  resolved "https://registry.npmmirror.com/@sxzz/popperjs-es/-/popperjs-es-2.11.7.tgz"
  integrity sha512-Ccy0NlLkzr0Ex2FKvh2X+OyERHXJ88XJ1MXtsI9y9fGexlaXaVTPzBCRBwIxFkORuOb+uBqeu+RqnpgYTEZRUQ==

"@rollup/rollup-win32-x64-msvc@4.19.0":
  version "4.19.0"
  resolved "https://registry.npmmirror.com/@rollup/rollup-win32-x64-msvc/-/rollup-win32-x64-msvc-4.19.0.tgz"
  integrity sha512-xNo5fV5ycvCCKqiZcpB65VMR11NJB+StnxHz20jdqRAktfdfzhgjTiJ2doTDQE/7dqGaV5I7ZGqKpgph6lCIag==

"@types/estree@1.0.5":
  version "1.0.5"
  resolved "https://registry.npmmirror.com/@types/estree/-/estree-1.0.5.tgz"
  integrity sha512-/kYRxGDLWzHOB7q+wtSUQlFrtcdUccpfy+X+9iMBpHK8QLLhx2wIPYuS5DYtR9Wa/YlZAbIovy7qVdB1Aq6Lyw==

"@types/lodash-es@*", "@types/lodash-es@^4.17.6":
  version "4.17.12"
  resolved "https://registry.npmmirror.com/@types/lodash-es/-/lodash-es-4.17.12.tgz"
  integrity sha512-0NgftHUcV4v34VhXm8QBSftKVXtbkBG3ViCjs6+eJ5a6y6Mi/jiFGPc1sC7QK+9BFhWrURE3EOggmWaSxL9OzQ==
  dependencies:
    "@types/lodash" "*"

"@types/lodash@*", "@types/lodash@^4.14.182":
  version "4.17.7"
  resolved "https://registry.npmmirror.com/@types/lodash/-/lodash-4.17.7.tgz"
  integrity sha512-8wTvZawATi/lsmNu10/j2hk1KEP0IvjubqPE3cu1Xz7xfXXt5oCq3SNUz4fMIP4XGF9Ky+Ue2tBA3hcS7LSBlA==

"@types/web-bluetooth@^0.0.16":
  version "0.0.16"
  resolved "https://registry.npmmirror.com/@types/web-bluetooth/-/web-bluetooth-0.0.16.tgz"
  integrity sha512-oh8q2Zc32S6gd/j50GowEjKLoOVOwHP/bWVjKJInBwQqdOYMdPrf1oVlelTlyfFK3CKxL1uahMDAr+vy8T7yMQ==

"@vitejs/plugin-vue@^5.0.5":
  version "5.1.0"
  resolved "https://registry.npmmirror.com/@vitejs/plugin-vue/-/plugin-vue-5.1.0.tgz"
  integrity sha512-QMRxARyrdiwi1mj3AW4fLByoHTavreXq0itdEW696EihXglf1MB3D4C2gBvE0jMPH29ZjC3iK8aIaUMLf4EOGA==

"@vue/compiler-core@3.4.33":
  version "3.4.33"
  resolved "https://registry.npmmirror.com/@vue/compiler-core/-/compiler-core-3.4.33.tgz"
  integrity sha512-MoIREbkdPQlnGfSKDMgzTqzqx5nmEjIc0ydLVYlTACGBsfvOJ4tHSbZXKVF536n6fB+0eZaGEOqsGThPpdvF5A==
  dependencies:
    "@babel/parser" "^7.24.7"
    "@vue/shared" "3.4.33"
    entities "^4.5.0"
    estree-walker "^2.0.2"
    source-map-js "^1.2.0"

"@vue/compiler-dom@3.4.33":
  version "3.4.33"
  resolved "https://registry.npmmirror.com/@vue/compiler-dom/-/compiler-dom-3.4.33.tgz"
  integrity sha512-GzB8fxEHKw0gGet5BKlpfXEqoBnzSVWwMnT+dc25wE7pFEfrU/QsvjZMP9rD4iVXHBBoemTct8mN0GJEI6ZX5A==
  dependencies:
    "@vue/compiler-core" "3.4.33"
    "@vue/shared" "3.4.33"

"@vue/compiler-sfc@3.4.33":
  version "3.4.33"
  resolved "https://registry.npmmirror.com/@vue/compiler-sfc/-/compiler-sfc-3.4.33.tgz"
  integrity sha512-7rk7Vbkn21xMwIUpHQR4hCVejwE6nvhBOiDgoBcR03qvGqRKA7dCBSsHZhwhYUsmjlbJ7OtD5UFIyhP6BY+c8A==
  dependencies:
    "@babel/parser" "^7.24.7"
    "@vue/compiler-core" "3.4.33"
    "@vue/compiler-dom" "3.4.33"
    "@vue/compiler-ssr" "3.4.33"
    "@vue/shared" "3.4.33"
    estree-walker "^2.0.2"
    magic-string "^0.30.10"
    postcss "^8.4.39"
    source-map-js "^1.2.0"

"@vue/compiler-ssr@3.4.33":
  version "3.4.33"
  resolved "https://registry.npmmirror.com/@vue/compiler-ssr/-/compiler-ssr-3.4.33.tgz"
  integrity sha512-0WveC9Ai+eT/1b6LCV5IfsufBZ0HP7pSSTdDjcuW302tTEgoBw8rHVHKPbGUtzGReUFCRXbv6zQDDgucnV2WzQ==
  dependencies:
    "@vue/compiler-dom" "3.4.33"
    "@vue/shared" "3.4.33"

"@vue/devtools-api@^6.5.1":
  version "6.6.3"
  resolved "https://registry.npmmirror.com/@vue/devtools-api/-/devtools-api-6.6.3.tgz"
  integrity sha512-0MiMsFma/HqA6g3KLKn+AGpL1kgKhFWszC9U29NfpWK5LE7bjeXxySWJrOJ77hBz+TBrBQ7o4QJqbPbqbs8rJw==

"@vue/reactivity@3.4.33":
  version "3.4.33"
  resolved "https://registry.npmmirror.com/@vue/reactivity/-/reactivity-3.4.33.tgz"
  integrity sha512-B24QIelahDbyHipBgbUItQblbd4w5HpG3KccL+YkGyo3maXyS253FzcTR3pSz739OTphmzlxP7JxEMWBpewilA==
  dependencies:
    "@vue/shared" "3.4.33"

"@vue/runtime-core@3.4.33":
  version "3.4.33"
  resolved "https://registry.npmmirror.com/@vue/runtime-core/-/runtime-core-3.4.33.tgz"
  integrity sha512-6wavthExzT4iAxpe8q37/rDmf44nyOJGISJPxCi9YsQO+8w9v0gLCFLfH5TzD1V1AYrTAdiF4Y1cgUmP68jP6w==
  dependencies:
    "@vue/reactivity" "3.4.33"
    "@vue/shared" "3.4.33"

"@vue/runtime-dom@3.4.33":
  version "3.4.33"
  resolved "https://registry.npmmirror.com/@vue/runtime-dom/-/runtime-dom-3.4.33.tgz"
  integrity sha512-iHsMCUSFJ+4z432Bn9kZzHX+zOXa6+iw36DaVRmKYZpPt9jW9riF32SxNwB124i61kp9+AZtheQ/mKoJLerAaQ==
  dependencies:
    "@vue/reactivity" "3.4.33"
    "@vue/runtime-core" "3.4.33"
    "@vue/shared" "3.4.33"
    csstype "^3.1.3"

"@vue/server-renderer@3.4.33":
  version "3.4.33"
  resolved "https://registry.npmmirror.com/@vue/server-renderer/-/server-renderer-3.4.33.tgz"
  integrity sha512-jTH0d6gQcaYideFP/k0WdEu8PpRS9MF8d0b6SfZzNi+ap972pZ0TNIeTaESwdOtdY0XPVj54XEJ6K0wXxir4fw==
  dependencies:
    "@vue/compiler-ssr" "3.4.33"
    "@vue/shared" "3.4.33"

"@vue/shared@3.4.33":
  version "3.4.33"
  resolved "https://registry.npmmirror.com/@vue/shared/-/shared-3.4.33.tgz"
  integrity sha512-aoRY0jQk3A/cuvdkodTrM4NMfxco8n55eG4H7ML/CRy7OryHfiqvug4xrCBBMbbN+dvXAetDDwZW9DXWWjBntA==

"@vueuse/core@^9.1.0":
  version "9.13.0"
  resolved "https://registry.npmmirror.com/@vueuse/core/-/core-9.13.0.tgz"
  integrity sha512-pujnclbeHWxxPRqXWmdkKV5OX4Wk4YeK7wusHqRwU0Q7EFusHoqNA/aPhB6KCh9hEqJkLAJo7bb0Lh9b+OIVzw==
  dependencies:
    "@types/web-bluetooth" "^0.0.16"
    "@vueuse/metadata" "9.13.0"
    "@vueuse/shared" "9.13.0"
    vue-demi "*"

"@vueuse/metadata@9.13.0":
  version "9.13.0"
  resolved "https://registry.npmmirror.com/@vueuse/metadata/-/metadata-9.13.0.tgz"
  integrity sha512-gdU7TKNAUVlXXLbaF+ZCfte8BjRJQWPCa2J55+7/h+yDtzw3vOoGQDRXzI6pyKyo6bXFT5/QoPE4hAknExjRLQ==

"@vueuse/shared@9.13.0":
  version "9.13.0"
  resolved "https://registry.npmmirror.com/@vueuse/shared/-/shared-9.13.0.tgz"
  integrity sha512-UrnhU+Cnufu4S6JLCPZnkWh0WwZGUp72ktOF2DFptMlOs3TOdVv8xJN53zhHGARmVOsz5KqOls09+J1NR6sBKw==
  dependencies:
    vue-demi "*"

anymatch@~3.1.2:
  version "3.1.3"
  resolved "https://registry.npmmirror.com/anymatch/-/anymatch-3.1.3.tgz"
  integrity sha512-KMReFUr0B4t+D+OBkjR3KYqvocp2XaSzO55UcB6mgQMd3KbcE+mWTyvVV7D/zsdEbNnV6acZUutkiHQXvTr1Rw==
  dependencies:
    normalize-path "^3.0.0"
    picomatch "^2.0.4"

async-validator@^4.2.5:
  version "4.2.5"
  resolved "https://registry.npmmirror.com/async-validator/-/async-validator-4.2.5.tgz"
  integrity sha512-7HhHjtERjqlNbZtqNqy2rckN/SpOOlmDliet+lP7k+eKZEjPk3DgyeU9lIXLdeLz0uBbbVp+9Qdow9wJWgwwfg==

binary-extensions@^2.0.0:
  version "2.3.0"
  resolved "https://registry.npmmirror.com/binary-extensions/-/binary-extensions-2.3.0.tgz"
  integrity sha512-Ceh+7ox5qe7LJuLHoY0feh3pHuUDHAcRUeyL2VYghZwfpkNIy/+8Ocg0a3UuSoYzavmylwuLWQOf3hl0jjMMIw==

braces@~3.0.2:
  version "3.0.3"
  resolved "https://registry.npmmirror.com/braces/-/braces-3.0.3.tgz"
  integrity sha512-yQbXgO/OSZVD2IsiLlro+7Hf6Q18EJrKSEsdoMzKePKXct3gvD8oLcOQdIzGupr5Fj+EDe8gO/lxc1BzfMpxvA==
  dependencies:
    fill-range "^7.1.1"

"chokidar@>=3.0.0 <4.0.0":
  version "3.6.0"
  resolved "https://registry.npmmirror.com/chokidar/-/chokidar-3.6.0.tgz"
  integrity sha512-7VT13fmjotKpGipCW9JEQAusEPE+Ei8nl6/g4FBAmIm0GOOLMua9NDDo/DWp0ZAxCr3cPq5ZpBqmPAQgDda2Pw==
  dependencies:
    anymatch "~3.1.2"
    braces "~3.0.2"
    glob-parent "~5.1.2"
    is-binary-path "~2.1.0"
    is-glob "~4.0.1"
    normalize-path "~3.0.0"
    readdirp "~3.6.0"
  optionalDependencies:
    fsevents "~2.3.2"

csstype@^3.1.3:
  version "3.1.3"
  resolved "https://registry.npmmirror.com/csstype/-/csstype-3.1.3.tgz"
  integrity sha512-M1uQkMl8rQK/szD0LNhtqxIPLpimGm8sOBwU7lLnCpSbTyY3yeU1Vc7l4KT5zT4s/yOxHH5O7tIuuLOCnLADRw==

dayjs@^1.11.3:
  version "1.11.12"
  resolved "https://registry.npmmirror.com/dayjs/-/dayjs-1.11.12.tgz"
  integrity sha512-Rt2g+nTbLlDWZTwwrIXjy9MeiZmSDI375FvZs72ngxx8PDC6YXOeR3q5LAuPzjZQxhiWdRKac7RKV+YyQYfYIg==

element-plus@^2.7.7:
  version "2.7.7"
  resolved "https://registry.npmmirror.com/element-plus/-/element-plus-2.7.7.tgz"
  integrity sha512-7ucUiDAxevyBE8JbXBTe9ofHhS047VmWMLoksE45zZ08XSnhnyG7WUuk3gmDbAklfVMHedb9sEV3OovPUWt+Sw==
  dependencies:
    "@ctrl/tinycolor" "^3.4.1"
    "@element-plus/icons-vue" "^2.3.1"
    "@floating-ui/dom" "^1.0.1"
    "@popperjs/core" "npm:@sxzz/popperjs-es@^2.11.7"
    "@types/lodash" "^4.14.182"
    "@types/lodash-es" "^4.17.6"
    "@vueuse/core" "^9.1.0"
    async-validator "^4.2.5"
    dayjs "^1.11.3"
    escape-html "^1.0.3"
    lodash "^4.17.21"
    lodash-es "^4.17.21"
    lodash-unified "^1.0.2"
    memoize-one "^6.0.0"
    normalize-wheel-es "^1.2.0"

entities@^4.5.0:
  version "4.5.0"
  resolved "https://registry.npmmirror.com/entities/-/entities-4.5.0.tgz"
  integrity sha512-V0hjH4dGPh9Ao5p0MoRY6BVqtwCjhz6vI5LT8AJ55H+4g9/4vbHx1I54fS0XuclLhDHArPQCiMjDxjaL8fPxhw==

esbuild@^0.21.3:
  version "0.21.5"
  resolved "https://registry.npmmirror.com/esbuild/-/esbuild-0.21.5.tgz"
  integrity sha512-mg3OPMV4hXywwpoDxu3Qda5xCKQi+vCTZq8S9J/EpkhB2HzKXq4SNFZE3+NK93JYxc8VMSep+lOUSC/RVKaBqw==
  optionalDependencies:
    "@esbuild/aix-ppc64" "0.21.5"
    "@esbuild/android-arm" "0.21.5"
    "@esbuild/android-arm64" "0.21.5"
    "@esbuild/android-x64" "0.21.5"
    "@esbuild/darwin-arm64" "0.21.5"
    "@esbuild/darwin-x64" "0.21.5"
    "@esbuild/freebsd-arm64" "0.21.5"
    "@esbuild/freebsd-x64" "0.21.5"
    "@esbuild/linux-arm" "0.21.5"
    "@esbuild/linux-arm64" "0.21.5"
    "@esbuild/linux-ia32" "0.21.5"
    "@esbuild/linux-loong64" "0.21.5"
    "@esbuild/linux-mips64el" "0.21.5"
    "@esbuild/linux-ppc64" "0.21.5"
    "@esbuild/linux-riscv64" "0.21.5"
    "@esbuild/linux-s390x" "0.21.5"
    "@esbuild/linux-x64" "0.21.5"
    "@esbuild/netbsd-x64" "0.21.5"
    "@esbuild/openbsd-x64" "0.21.5"
    "@esbuild/sunos-x64" "0.21.5"
    "@esbuild/win32-arm64" "0.21.5"
    "@esbuild/win32-ia32" "0.21.5"
    "@esbuild/win32-x64" "0.21.5"

escape-html@^1.0.3:
  version "1.0.3"
  resolved "https://registry.npmmirror.com/escape-html/-/escape-html-1.0.3.tgz"
  integrity sha512-NiSupZ4OeuGwr68lGIeym/ksIZMJodUGOSCZ/FSnTxcrekbvqrgdUxlJOMpijaKZVjAJrWrGs/6Jy8OMuyj9ow==

estree-walker@^2.0.2:
  version "2.0.2"
  resolved "https://registry.npmmirror.com/estree-walker/-/estree-walker-2.0.2.tgz"
  integrity sha512-Rfkk/Mp/DL7JVje3u18FxFujQlTNR2q6QfMSMB7AvCBx91NGj/ba3kCfza0f6dVDbw7YlRf/nDrn7pQrCCyQ/w==

fill-range@^7.1.1:
  version "7.1.1"
  resolved "https://registry.npmmirror.com/fill-range/-/fill-range-7.1.1.tgz"
  integrity sha512-YsGpe3WHLK8ZYi4tWDg2Jy3ebRz2rXowDxnld4bkQB00cc/1Zw9AWnC0i9ztDJitivtQvaI9KaLyKrc+hBW0yg==
  dependencies:
    to-regex-range "^5.0.1"

glob-parent@~5.1.2:
  version "5.1.2"
  resolved "https://registry.npmmirror.com/glob-parent/-/glob-parent-5.1.2.tgz"
  integrity sha512-AOIgSQCepiJYwP3ARnGx+5VnTu2HBYdzbGP45eLw1vr3zB3vZLeyed1sC9hnbcOc9/SrMyM5RPQrkGz4aS9Zow==
  dependencies:
    is-glob "^4.0.1"

immutable@^4.0.0:
  version "4.3.7"
  resolved "https://registry.npmmirror.com/immutable/-/immutable-4.3.7.tgz"
  integrity sha512-1hqclzwYwjRDFLjcFxOM5AYkkG0rpFPpr1RLPMEuGczoS7YA8gLhy8SWXYRAA/XwfEHpfo3cw5JGioS32fnMRw==

is-binary-path@~2.1.0:
  version "2.1.0"
  resolved "https://registry.npmmirror.com/is-binary-path/-/is-binary-path-2.1.0.tgz"
  integrity sha512-ZMERYes6pDydyuGidse7OsHxtbI7WVeUEozgR/g7rd0xUimYNlvZRE/K2MgZTjWy725IfelLeVcEM97mmtRGXw==
  dependencies:
    binary-extensions "^2.0.0"

is-extglob@^2.1.1:
  version "2.1.1"
  resolved "https://registry.npmmirror.com/is-extglob/-/is-extglob-2.1.1.tgz"
  integrity sha512-SbKbANkN603Vi4jEZv49LeVJMn4yGwsbzZworEoyEiutsN3nJYdbO36zfhGJ6QEDpOZIFkDtnq5JRxmvl3jsoQ==

is-glob@^4.0.1, is-glob@~4.0.1:
  version "4.0.3"
  resolved "https://registry.npmmirror.com/is-glob/-/is-glob-4.0.3.tgz"
  integrity sha512-xelSayHH36ZgE7ZWhli7pW34hNbNl8Ojv5KVmkJD4hBdD3th8Tfk9vYasLM+mXWOZhFkgZfxhLSnrwRr4elSSg==
  dependencies:
    is-extglob "^2.1.1"

is-number@^7.0.0:
  version "7.0.0"
  resolved "https://registry.npmmirror.com/is-number/-/is-number-7.0.0.tgz"
  integrity sha512-41Cifkg6e8TylSpdtTpeLVMqvSBEVzTttHvERD741+pnZ8ANv0004MRL43QKPDlK9cGvNp6NZWZUBlbGXYxxng==

lodash-es@*, lodash-es@^4.17.21:
  version "4.17.21"
  resolved "https://registry.npmmirror.com/lodash-es/-/lodash-es-4.17.21.tgz"
  integrity sha512-mKnC+QJ9pWVzv+C4/U3rRsHapFfHvQFoFB92e52xeyGMcX6/OlIl78je1u8vePzYZSkkogMPJ2yjxxsb89cxyw==

lodash-unified@^1.0.2:
  version "1.0.3"
  resolved "https://registry.npmmirror.com/lodash-unified/-/lodash-unified-1.0.3.tgz"
  integrity sha512-WK9qSozxXOD7ZJQlpSqOT+om2ZfcT4yO+03FuzAHD0wF6S0l0090LRPDx3vhTTLZ8cFKpBn+IOcVXK6qOcIlfQ==

lodash@*, lodash@^4.17.21:
  version "4.17.21"
  resolved "https://registry.npmmirror.com/lodash/-/lodash-4.17.21.tgz"
  integrity sha512-v2kDEe57lecTulaDIuNTPy3Ry4gLGJ6Z1O3vE1krgXZNrsQ+LFTGHVxVjcXPs17LhbZVGedAJv8XZ1tvj5FvSg==

magic-string@^0.30.10:
  version "0.30.10"
  resolved "https://registry.npmmirror.com/magic-string/-/magic-string-0.30.10.tgz"
  integrity sha512-iIRwTIf0QKV3UAnYK4PU8uiEc4SRh5jX0mwpIwETPpHdhVM4f53RSwS/vXvN1JhGX+Cs7B8qIq3d6AH49O5fAQ==
  dependencies:
    "@jridgewell/sourcemap-codec" "^1.4.15"

memoize-one@^6.0.0:
  version "6.0.0"
  resolved "https://registry.npmmirror.com/memoize-one/-/memoize-one-6.0.0.tgz"
  integrity sha512-rkpe71W0N0c0Xz6QD0eJETuWAJGnJ9afsl1srmwPrI+yBCkge5EycXXbYRyvL29zZVUWQCY7InPRCv3GDXuZNw==

nanoid@^3.3.7:
  version "3.3.7"
  resolved "https://registry.npmmirror.com/nanoid/-/nanoid-3.3.7.tgz"
  integrity sha512-eSRppjcPIatRIMC1U6UngP8XFcz8MQWGQdt1MTBQ7NaAmvXDfvNxbvWV3x2y6CdEUciCSsDHDQZbhYaB8QEo2g==

normalize-path@^3.0.0, normalize-path@~3.0.0:
  version "3.0.0"
  resolved "https://registry.npmmirror.com/normalize-path/-/normalize-path-3.0.0.tgz"
  integrity sha512-6eZs5Ls3WtCisHWp9S2GUy8dqkpGi4BVSz3GaqiE6ezub0512ESztXUwUB6C6IKbQkY2Pnb/mD4WYojCRwcwLA==

normalize-wheel-es@^1.2.0:
  version "1.2.0"
  resolved "https://registry.npmmirror.com/normalize-wheel-es/-/normalize-wheel-es-1.2.0.tgz"
  integrity sha512-Wj7+EJQ8mSuXr2iWfnujrimU35R2W4FAErEyTmJoJ7ucwTn2hOUSsRehMb5RSYkxXGTM7Y9QpvPmp++w5ftoJw==

picocolors@^1.0.1:
  version "1.0.1"
  resolved "https://registry.npmmirror.com/picocolors/-/picocolors-1.0.1.tgz"
  integrity sha512-anP1Z8qwhkbmu7MFP5iTt+wQKXgwzf7zTyGlcdzabySa9vd0Xt392U0rVmz9poOaBj0uHJKyyo9/upk0HrEQew==

picomatch@^2.0.4, picomatch@^2.2.1:
  version "2.3.1"
  resolved "https://registry.npmmirror.com/picomatch/-/picomatch-2.3.1.tgz"
  integrity sha512-JU3teHTNjmE2VCGFzuY8EXzCDVwEqB2a8fsIvwaStHhAWJEeVd1o1QD80CU6+ZdEXXSLbSsuLwJjkCBWqRQUVA==

postcss@^8.4.39:
  version "8.4.39"
  resolved "https://registry.npmmirror.com/postcss/-/postcss-8.4.39.tgz"
  integrity sha512-0vzE+lAiG7hZl1/9I8yzKLx3aR9Xbof3fBHKunvMfOCYAtMhrsnccJY2iTURb9EZd5+pLuiNV9/c/GZJOHsgIw==
  dependencies:
    nanoid "^3.3.7"
    picocolors "^1.0.1"
    source-map-js "^1.2.0"

readdirp@~3.6.0:
  version "3.6.0"
  resolved "https://registry.npmmirror.com/readdirp/-/readdirp-3.6.0.tgz"
  integrity sha512-hOS089on8RduqdbhvQ5Z37A0ESjsqz6qnRcffsMU3495FuTdqSm+7bhJ29JvIOsBDEEnan5DPu9t3To9VRlMzA==
  dependencies:
    picomatch "^2.2.1"

rollup@^4.13.0:
  version "4.19.0"
  resolved "https://registry.npmmirror.com/rollup/-/rollup-4.19.0.tgz"
  integrity sha512-5r7EYSQIowHsK4eTZ0Y81qpZuJz+MUuYeqmmYmRMl1nwhdmbiYqt5jwzf6u7wyOzJgYqtCRMtVRKOtHANBz7rA==
  dependencies:
    "@types/estree" "1.0.5"
  optionalDependencies:
    "@rollup/rollup-android-arm-eabi" "4.19.0"
    "@rollup/rollup-android-arm64" "4.19.0"
    "@rollup/rollup-darwin-arm64" "4.19.0"
    "@rollup/rollup-darwin-x64" "4.19.0"
    "@rollup/rollup-linux-arm-gnueabihf" "4.19.0"
    "@rollup/rollup-linux-arm-musleabihf" "4.19.0"
    "@rollup/rollup-linux-arm64-gnu" "4.19.0"
    "@rollup/rollup-linux-arm64-musl" "4.19.0"
    "@rollup/rollup-linux-powerpc64le-gnu" "4.19.0"
    "@rollup/rollup-linux-riscv64-gnu" "4.19.0"
    "@rollup/rollup-linux-s390x-gnu" "4.19.0"
    "@rollup/rollup-linux-x64-gnu" "4.19.0"
    "@rollup/rollup-linux-x64-musl" "4.19.0"
    "@rollup/rollup-win32-arm64-msvc" "4.19.0"
    "@rollup/rollup-win32-ia32-msvc" "4.19.0"
    "@rollup/rollup-win32-x64-msvc" "4.19.0"
    fsevents "~2.3.2"

sass@*, sass@^1.77.8:
  version "1.77.8"
  resolved "https://registry.npmmirror.com/sass/-/sass-1.77.8.tgz"
  integrity sha512-4UHg6prsrycW20fqLGPShtEvo/WyHRVRHwOP4DzkUrObWoWI05QBSfzU71TVB7PFaL104TwNaHpjlWXAZbQiNQ==
  dependencies:
    chokidar ">=3.0.0 <4.0.0"
    immutable "^4.0.0"
    source-map-js ">=0.6.2 <2.0.0"

source-map-js@^1.2.0, "source-map-js@>=0.6.2 <2.0.0":
  version "1.2.0"
  resolved "https://registry.npmmirror.com/source-map-js/-/source-map-js-1.2.0.tgz"
  integrity sha512-itJW8lvSA0TXEphiRoawsCksnlf8SyvmFzIhltqAHluXd88pkCd+cXJVHTDwdCr0IzwptSm035IHQktUu1QUMg==

to-regex-range@^5.0.1:
  version "5.0.1"
  resolved "https://registry.npmmirror.com/to-regex-range/-/to-regex-range-5.0.1.tgz"
  integrity sha512-65P7iz6X5yEr1cwcgvQxbbIw7Uk3gOy5dIdtZ4rDveLqhrdJP+Li/Hx6tyK0NEb+2GCyneCMJiGqrADCSNk8sQ==
  dependencies:
    is-number "^7.0.0"

vite@^5.0.0, vite@^5.3.4:
  version "5.3.4"
  resolved "https://registry.npmmirror.com/vite/-/vite-5.3.4.tgz"
  integrity sha512-Cw+7zL3ZG9/NZBB8C+8QbQZmR54GwqIz+WMI4b3JgdYJvX+ny9AjJXqkGQlDXSXRP9rP0B4tbciRMOVEKulVOA==
  dependencies:
    esbuild "^0.21.3"
    postcss "^8.4.39"
    rollup "^4.13.0"
  optionalDependencies:
    fsevents "~2.3.3"

vue-demi@*:
  version "0.14.9"
  resolved "https://registry.npmmirror.com/vue-demi/-/vue-demi-0.14.9.tgz"
  integrity sha512-dC1TJMODGM8lxhP6wLToncaDPPNB3biVxxRDuNCYpuXwi70ou7NsGd97KVTJ2omepGId429JZt8oaZKeXbqxwg==

vue-router@^4.4.0:
  version "4.4.0"
  resolved "https://registry.npmmirror.com/vue-router/-/vue-router-4.4.0.tgz"
  integrity sha512-HB+t2p611aIZraV2aPSRNXf0Z/oLZFrlygJm+sZbdJaW6lcFqEDQwnzUBXn+DApw+/QzDU/I9TeWx9izEjTmsA==
  dependencies:
    "@vue/devtools-api" "^6.5.1"

"vue@^3.0.0-0 || ^2.6.0", vue@^3.2.0, vue@^3.2.25, vue@^3.4.31, vue@3.4.33:
  version "3.4.33"
  resolved "https://registry.npmmirror.com/vue/-/vue-3.4.33.tgz"
  integrity sha512-VdMCWQOummbhctl4QFMcW6eNtXHsFyDlX60O/tsSQuCcuDOnJ1qPOhhVla65Niece7xq/P2zyZReIO5mP+LGTQ==
  dependencies:
    "@vue/compiler-dom" "3.4.33"
    "@vue/compiler-sfc" "3.4.33"
    "@vue/runtime-dom" "3.4.33"
    "@vue/server-renderer" "3.4.33"
    "@vue/shared" "3.4.33"
